
Microsoft Visual Studio Solution File, Format Version 12.00
# Visual Studio Version 17
VisualStudioVersion = 17.4.33403.182
MinimumVisualStudioVersion = 10.0.40219.1
Project("{9A19103F-16F7-4668-BE54-9A1E7A4F7556}") = "API", "API\API.csproj", "{3DECB4AA-B3AA-49C9-8F6C-91F9BDB49156}"
EndProject
Project("{FAE04EC0-301F-11D3-BF4B-00C04F79EFBC}") = "LoggerService", "LoggerService\LoggerService.csproj", "{28A2D521-5254-4E04-AB3C-954DDBCB5D21}"
EndProject
Project("{FAE04EC0-301F-11D3-BF4B-00C04F79EFBC}") = "Repository", "Repository\Repository.csproj", "{4C98BEE8-E1FE-43F6-998A-31C0242B16E8}"
EndProject
Project("{FAE04EC0-301F-11D3-BF4B-00C04F79EFBC}") = "Repository.Contracts", "Repository.Contracts\Repository.Contracts.csproj", "{9A182E08-9999-49D3-ABEA-F3FD593070D3}"
EndProject
Project("{FAE04EC0-301F-11D3-BF4B-00C04F79EFBC}") = "Entities", "Entities\Entities.csproj", "{3D2F4522-CE07-4193-8A3D-8088B1BD252F}"
EndProject
Project("{FAE04EC0-301F-11D3-BF4B-00C04F79EFBC}") = "Service", "Service\Service.csproj", "{0E07F786-8062-4E3E-8CA0-DC965542C841}"
EndProject
Project("{FAE04EC0-301F-11D3-BF4B-00C04F79EFBC}") = "Service.Contracts", "Service.Contracts\Service.Contracts.csproj", "{B565F483-3D14-4586-A34D-28FD5DC02574}"
EndProject
Project("{FAE04EC0-301F-11D3-BF4B-00C04F79EFBC}") = "Common", "Common\Common.csproj", "{BA732BA9-3435-4F92-BF9C-2D99F7CC6CFE}"
EndProject
Project("{FAE04EC0-301F-11D3-BF4B-00C04F79EFBC}") = "Common.Test", "Common.Test\Common.Test.csproj", "{80DD9221-DD17-4276-B8BE-F43ABBF89500}"
EndProject
Global
	GlobalSection(SolutionConfigurationPlatforms) = preSolution
		Debug|Any CPU = Debug|Any CPU
		Release|Any CPU = Release|Any CPU
	EndGlobalSection
	GlobalSection(ProjectConfigurationPlatforms) = postSolution
		{3DECB4AA-B3AA-49C9-8F6C-91F9BDB49156}.Debug|Any CPU.ActiveCfg = Debug|Any CPU
		{3DECB4AA-B3AA-49C9-8F6C-91F9BDB49156}.Debug|Any CPU.Build.0 = Debug|Any CPU
		{3DECB4AA-B3AA-49C9-8F6C-91F9BDB49156}.Release|Any CPU.ActiveCfg = Release|Any CPU
		{3DECB4AA-B3AA-49C9-8F6C-91F9BDB49156}.Release|Any CPU.Build.0 = Release|Any CPU
		{28A2D521-5254-4E04-AB3C-954DDBCB5D21}.Debug|Any CPU.ActiveCfg = Debug|Any CPU
		{28A2D521-5254-4E04-AB3C-954DDBCB5D21}.Debug|Any CPU.Build.0 = Debug|Any CPU
		{28A2D521-5254-4E04-AB3C-954DDBCB5D21}.Release|Any CPU.ActiveCfg = Release|Any CPU
		{28A2D521-5254-4E04-AB3C-954DDBCB5D21}.Release|Any CPU.Build.0 = Release|Any CPU
		{4C98BEE8-E1FE-43F6-998A-31C0242B16E8}.Debug|Any CPU.ActiveCfg = Debug|Any CPU
		{4C98BEE8-E1FE-43F6-998A-31C0242B16E8}.Debug|Any CPU.Build.0 = Debug|Any CPU
		{4C98BEE8-E1FE-43F6-998A-31C0242B16E8}.Release|Any CPU.ActiveCfg = Release|Any CPU
		{4C98BEE8-E1FE-43F6-998A-31C0242B16E8}.Release|Any CPU.Build.0 = Release|Any CPU
		{9A182E08-9999-49D3-ABEA-F3FD593070D3}.Debug|Any CPU.ActiveCfg = Debug|Any CPU
		{9A182E08-9999-49D3-ABEA-F3FD593070D3}.Debug|Any CPU.Build.0 = Debug|Any CPU
		{9A182E08-9999-49D3-ABEA-F3FD593070D3}.Release|Any CPU.ActiveCfg = Release|Any CPU
		{9A182E08-9999-49D3-ABEA-F3FD593070D3}.Release|Any CPU.Build.0 = Release|Any CPU
		{3D2F4522-CE07-4193-8A3D-8088B1BD252F}.Debug|Any CPU.ActiveCfg = Debug|Any CPU
		{3D2F4522-CE07-4193-8A3D-8088B1BD252F}.Debug|Any CPU.Build.0 = Debug|Any CPU
		{3D2F4522-CE07-4193-8A3D-8088B1BD252F}.Release|Any CPU.ActiveCfg = Release|Any CPU
		{3D2F4522-CE07-4193-8A3D-8088B1BD252F}.Release|Any CPU.Build.0 = Release|Any CPU
		{0E07F786-8062-4E3E-8CA0-DC965542C841}.Debug|Any CPU.ActiveCfg = Debug|Any CPU
		{0E07F786-8062-4E3E-8CA0-DC965542C841}.Debug|Any CPU.Build.0 = Debug|Any CPU
		{0E07F786-8062-4E3E-8CA0-DC965542C841}.Release|Any CPU.ActiveCfg = Release|Any CPU
		{0E07F786-8062-4E3E-8CA0-DC965542C841}.Release|Any CPU.Build.0 = Release|Any CPU
		{B565F483-3D14-4586-A34D-28FD5DC02574}.Debug|Any CPU.ActiveCfg = Debug|Any CPU
		{B565F483-3D14-4586-A34D-28FD5DC02574}.Debug|Any CPU.Build.0 = Debug|Any CPU
		{B565F483-3D14-4586-A34D-28FD5DC02574}.Release|Any CPU.ActiveCfg = Release|Any CPU
		{B565F483-3D14-4586-A34D-28FD5DC02574}.Release|Any CPU.Build.0 = Release|Any CPU
		{BA732BA9-3435-4F92-BF9C-2D99F7CC6CFE}.Debug|Any CPU.ActiveCfg = Debug|Any CPU
		{BA732BA9-3435-4F92-BF9C-2D99F7CC6CFE}.Debug|Any CPU.Build.0 = Debug|Any CPU
		{BA732BA9-3435-4F92-BF9C-2D99F7CC6CFE}.Release|Any CPU.ActiveCfg = Release|Any CPU
		{BA732BA9-3435-4F92-BF9C-2D99F7CC6CFE}.Release|Any CPU.Build.0 = Release|Any CPU
		{80DD9221-DD17-4276-B8BE-F43ABBF89500}.Debug|Any CPU.ActiveCfg = Debug|Any CPU
		{80DD9221-DD17-4276-B8BE-F43ABBF89500}.Debug|Any CPU.Build.0 = Debug|Any CPU
		{80DD9221-DD17-4276-B8BE-F43ABBF89500}.Release|Any CPU.ActiveCfg = Release|Any CPU
		{80DD9221-DD17-4276-B8BE-F43ABBF89500}.Release|Any CPU.Build.0 = Release|Any CPU
	EndGlobalSection
	GlobalSection(SolutionProperties) = preSolution
		HideSolutionNode = FALSE
	EndGlobalSection
	GlobalSection(ExtensibilityGlobals) = postSolution
		SolutionGuid = {F4480E77-101A-4DA0-B297-43B076CEA1C4}
	EndGlobalSection
EndGlobal
